
Microsoft Visual Studio Solution File, Format Version 12.00
# Visual Studio Version 17
VisualStudioVersion = 17.1.32421.90
MinimumVisualStudioVersion = 10.0.40219.1
Project("{FAE04EC0-301F-11D3-BF4B-00C04F79EFBC}") = "FinalExam.APITests", "FinalExam.APITests\FinalExam.APITests.csproj", "{F2B421DF-9873-4B2C-B39F-322FAF2BB3D9}"
EndProject
Project("{FAE04EC0-301F-11D3-BF4B-00C04F79EFBC}") = "FinalExam.WebUITests", "FinalExam.WebUITests\FinalExam.WebUITests.csproj", "{195A8553-9A31-478A-91E7-E5F6A75C2F34}"
EndProject
Project("{FAE04EC0-301F-11D3-BF4B-00C04F79EFBC}") = "FinalExam.WindowsAppTests", "FinalExam.WindowsAppTests\FinalExam.WindowsAppTests.csproj", "{293410E1-3A4D-4113-870C-D555592FAFD9}"
EndProject
Global
	GlobalSection(SolutionConfigurationPlatforms) = preSolution
		Debug|Any CPU = Debug|Any CPU
		Release|Any CPU = Release|Any CPU
	EndGlobalSection
	GlobalSection(ProjectConfigurationPlatforms) = postSolution
		{F2B421DF-9873-4B2C-B39F-322FAF2BB3D9}.Debug|Any CPU.ActiveCfg = Debug|Any CPU
		{F2B421DF-9873-4B2C-B39F-322FAF2BB3D9}.Debug|Any CPU.Build.0 = Debug|Any CPU
		{F2B421DF-9873-4B2C-B39F-322FAF2BB3D9}.Release|Any CPU.ActiveCfg = Release|Any CPU
		{F2B421DF-9873-4B2C-B39F-322FAF2BB3D9}.Release|Any CPU.Build.0 = Release|Any CPU
		{195A8553-9A31-478A-91E7-E5F6A75C2F34}.Debug|Any CPU.ActiveCfg = Debug|Any CPU
		{195A8553-9A31-478A-91E7-E5F6A75C2F34}.Debug|Any CPU.Build.0 = Debug|Any CPU
		{195A8553-9A31-478A-91E7-E5F6A75C2F34}.Release|Any CPU.ActiveCfg = Release|Any CPU
		{195A8553-9A31-478A-91E7-E5F6A75C2F34}.Release|Any CPU.Build.0 = Release|Any CPU
		{293410E1-3A4D-4113-870C-D555592FAFD9}.Debug|Any CPU.ActiveCfg = Debug|Any CPU
		{293410E1-3A4D-4113-870C-D555592FAFD9}.Debug|Any CPU.Build.0 = Debug|Any CPU
		{293410E1-3A4D-4113-870C-D555592FAFD9}.Release|Any CPU.ActiveCfg = Release|Any CPU
		{293410E1-3A4D-4113-870C-D555592FAFD9}.Release|Any CPU.Build.0 = Release|Any CPU
	EndGlobalSection
	GlobalSection(SolutionProperties) = preSolution
		HideSolutionNode = FALSE
	EndGlobalSection
	GlobalSection(ExtensibilityGlobals) = postSolution
		SolutionGuid = {D9CEEE91-E263-47CA-8AF0-9AFE356032DE}
	EndGlobalSection
EndGlobal
