
Microsoft Visual Studio Solution File, Format Version 12.00
# Visual Studio Version 17
VisualStudioVersion = 17.1.32421.90
MinimumVisualStudioVersion = 10.0.40219.1
Project("{FAE04EC0-301F-11D3-BF4B-00C04F79EFBC}") = "AppiumTestsLab", "AppiumTestsLab\AppiumTestsLab.csproj", "{42A240AA-3BF8-4BC2-A662-3533B0B5A283}"
EndProject
Global
	GlobalSection(SolutionConfigurationPlatforms) = preSolution
		Debug|Any CPU = Debug|Any CPU
		Release|Any CPU = Release|Any CPU
	EndGlobalSection
	GlobalSection(ProjectConfigurationPlatforms) = postSolution
		{42A240AA-3BF8-4BC2-A662-3533B0B5A283}.Debug|Any CPU.ActiveCfg = Debug|Any CPU
		{42A240AA-3BF8-4BC2-A662-3533B0B5A283}.Debug|Any CPU.Build.0 = Debug|Any CPU
		{42A240AA-3BF8-4BC2-A662-3533B0B5A283}.Release|Any CPU.ActiveCfg = Release|Any CPU
		{42A240AA-3BF8-4BC2-A662-3533B0B5A283}.Release|Any CPU.Build.0 = Release|Any CPU
	EndGlobalSection
	GlobalSection(SolutionProperties) = preSolution
		HideSolutionNode = FALSE
	EndGlobalSection
	GlobalSection(ExtensibilityGlobals) = postSolution
		SolutionGuid = {CC0CC7BA-4CB6-4F26-BF0C-4FA6C75183F4}
	EndGlobalSection
EndGlobal
